
Microsoft Visual Studio Solution File, Format Version 12.00
# Visual Studio Version 17
VisualStudioVersion = 17.5.002.0
MinimumVisualStudioVersion = 10.0.40219.1
Project("{9A19103F-16F7-4668-BE54-9A1E7A4F7556}") = "KoboldPainting", "KoboldPainting.csproj", "{C1D9B211-DEA1-44FA-9669-AA4BC4908068}"
EndProject
Global
	GlobalSection(SolutionConfigurationPlatforms) = preSolution
		Debug|Any CPU = Debug|Any CPU
		Release|Any CPU = Release|Any CPU
	EndGlobalSection
	GlobalSection(ProjectConfigurationPlatforms) = postSolution
		{C1D9B211-DEA1-44FA-9669-AA4BC4908068}.Debug|Any CPU.ActiveCfg = Debug|Any CPU
		{C1D9B211-DEA1-44FA-9669-AA4BC4908068}.Debug|Any CPU.Build.0 = Debug|Any CPU
		{C1D9B211-DEA1-44FA-9669-AA4BC4908068}.Release|Any CPU.ActiveCfg = Release|Any CPU
		{C1D9B211-DEA1-44FA-9669-AA4BC4908068}.Release|Any CPU.Build.0 = Release|Any CPU
	EndGlobalSection
	GlobalSection(SolutionProperties) = preSolution
		HideSolutionNode = FALSE
	EndGlobalSection
	GlobalSection(ExtensibilityGlobals) = postSolution
		SolutionGuid = {77373525-0BC3-493D-86F5-A1AD79354446}
	EndGlobalSection
EndGlobal
